Microsoft Visual Studio Solution File, Format Version 12.00
# Visual Studio Version 17
VisualStudioVersion = 17.5.2.0
MinimumVisualStudioVersion = 10.0.40219.1
Project("{2150E333-8FDC-42A3-9474-1A3956D46DE8}") = "order-service", "order-service", "{621BBD2F-C6E5-1762-6C52-8C73FFD74C5D}"
EndProject
Project("{FAE04EC0-301F-11D3-BF4B-00C04F79EFBC}") = "OrderService.Api", "order-service\OrderService.Api\OrderService.Api.csproj", "{FE5D1E88-3A80-EC7C-27E2-B1D7716B29F8}"
EndProject
Project("{FAE04EC0-301F-11D3-BF4B-00C04F79EFBC}") = "OrderService.Data", "order-service\OrderService.Data\OrderService.Data.csproj", "{398B322D-1FD4-E5E3-7838-010E2ACD4574}"
EndProject
Project("{FAE04EC0-301F-11D3-BF4B-00C04F79EFBC}") = "OrderService.Tests", "order-service\OrderService.Tests\OrderService.Tests.csproj", "{E95552FB-462F-986F-8A67-0D0B343021CD}"
EndProject
Global
	GlobalSection(SolutionConfigurationPlatforms) = preSolution
		Debug|Any CPU = Debug|Any CPU
		Release|Any CPU = Release|Any CPU
	EndGlobalSection
	GlobalSection(ProjectConfigurationPlatforms) = postSolution
		{FE5D1E88-3A80-EC7C-27E2-B1D7716B29F8}.Debug|Any CPU.ActiveCfg = Debug|Any CPU
		{FE5D1E88-3A80-EC7C-27E2-B1D7716B29F8}.Debug|Any CPU.Build.0 = Debug|Any CPU
		{FE5D1E88-3A80-EC7C-27E2-B1D7716B29F8}.Release|Any CPU.ActiveCfg = Release|Any CPU
		{FE5D1E88-3A80-EC7C-27E2-B1D7716B29F8}.Release|Any CPU.Build.0 = Release|Any CPU
		{398B322D-1FD4-E5E3-7838-010E2ACD4574}.Debug|Any CPU.ActiveCfg = Debug|Any CPU
		{398B322D-1FD4-E5E3-7838-010E2ACD4574}.Debug|Any CPU.Build.0 = Debug|Any CPU
		{398B322D-1FD4-E5E3-7838-010E2ACD4574}.Release|Any CPU.ActiveCfg = Release|Any CPU
		{398B322D-1FD4-E5E3-7838-010E2ACD4574}.Release|Any CPU.Build.0 = Release|Any CPU
		{E95552FB-462F-986F-8A67-0D0B343021CD}.Debug|Any CPU.ActiveCfg = Debug|Any CPU
		{E95552FB-462F-986F-8A67-0D0B343021CD}.Debug|Any CPU.Build.0 = Debug|Any CPU
		{E95552FB-462F-986F-8A67-0D0B343021CD}.Release|Any CPU.ActiveCfg = Release|Any CPU
		{E95552FB-462F-986F-8A67-0D0B343021CD}.Release|Any CPU.Build.0 = Release|Any CPU
	EndGlobalSection
	GlobalSection(SolutionProperties) = preSolution
		HideSolutionNode = FALSE
	EndGlobalSection
	GlobalSection(NestedProjects) = preSolution
		{FE5D1E88-3A80-EC7C-27E2-B1D7716B29F8} = {621BBD2F-C6E5-1762-6C52-8C73FFD74C5D}
		{398B322D-1FD4-E5E3-7838-010E2ACD4574} = {621BBD2F-C6E5-1762-6C52-8C73FFD74C5D}
		{E95552FB-462F-986F-8A67-0D0B343021CD} = {621BBD2F-C6E5-1762-6C52-8C73FFD74C5D}
	EndGlobalSection
	GlobalSection(ExtensibilityGlobals) = postSolution
		SolutionGuid = {4239DA64-B1DD-445F-98A2-ACD279E6EAED}
	EndGlobalSection
EndGlobal
